# This file is automatically @generated by Cargo.
# It is not intended for manual editing.
[[package]]
name = "more_nums"
version = "0.1.0"
dependencies = [
 "no-std-compat",
]

[[package]]
name = "no-std-compat"
version = "0.3.0"
source = "registry+https://github.com/rust-lang/crates.io-index"
checksum = "55ed2a9e4507ff8c8e5c99395c86b9959aa0ba583321bd21d1feb742bf0baba2"
